urls_downloaded_cb({"token":"Gst.MiniObject.prototype.lock","urls":[{"url":"gstreamer/gstminiobject.html#GstMiniObjectFlags","node_type":"p","context":{"gi-language":["javascript"]}},{"url":"gstreamer/gstminiobject.html#gst_mini_object_lock","node_type":"symbol","context":{"gi-language":["javascript"]}}]});